
Microsoft Visual Studio Solution File, Format Version 12.00
# Visual Studio 15
VisualStudioVersion = 15.0.28307.572
MinimumVisualStudioVersion = 10.0.40219.1
Project("{FAE04EC0-301F-11D3-BF4B-00C04F79EFBC}") = "API_Angular", "API_Angular\API_Angular.csproj", "{6E04A01D-3DCF-4207-A5FA-C6861B3F5333}"
EndProject
Global
	GlobalSection(SolutionConfigurationPlatforms) = preSolution
		Debug|Any CPU = Debug|Any CPU
		Release|Any CPU = Release|Any CPU
	EndGlobalSection
	GlobalSection(ProjectConfigurationPlatforms) = postSolution
		{6E04A01D-3DCF-4207-A5FA-C6861B3F5333}.Debug|Any CPU.ActiveCfg = Debug|Any CPU
		{6E04A01D-3DCF-4207-A5FA-C6861B3F5333}.Debug|Any CPU.Build.0 = Debug|Any CPU
		{6E04A01D-3DCF-4207-A5FA-C6861B3F5333}.Release|Any CPU.ActiveCfg = Release|Any CPU
		{6E04A01D-3DCF-4207-A5FA-C6861B3F5333}.Release|Any CPU.Build.0 = Release|Any CPU
	EndGlobalSection
	GlobalSection(SolutionProperties) = preSolution
		HideSolutionNode = FALSE
	EndGlobalSection
	GlobalSection(ExtensibilityGlobals) = postSolution
		SolutionGuid = {39E30F5A-F306-49D2-9137-95D82BFA5438}
	EndGlobalSection
EndGlobal
